
Microsoft Visual Studio Solution File, Format Version 12.00
# Visual Studio 15
VisualStudioVersion = 15.0.28307.271
MinimumVisualStudioVersion = 10.0.40219.1
Project("{FAE04EC0-301F-11D3-BF4B-00C04F79EFBC}") = "Lesson24", "Lesson24\Lesson24.csproj", "{C3830537-C9B3-4536-99AC-C5804750994F}"
EndProject
Global
	GlobalSection(SolutionConfigurationPlatforms) = preSolution
		Debug|Any CPU = Debug|Any CPU
		Release|Any CPU = Release|Any CPU
	EndGlobalSection
	GlobalSection(ProjectConfigurationPlatforms) = postSolution
		{C3830537-C9B3-4536-99AC-C5804750994F}.Debug|Any CPU.ActiveCfg = Debug|Any CPU
		{C3830537-C9B3-4536-99AC-C5804750994F}.Debug|Any CPU.Build.0 = Debug|Any CPU
		{C3830537-C9B3-4536-99AC-C5804750994F}.Release|Any CPU.ActiveCfg = Release|Any CPU
		{C3830537-C9B3-4536-99AC-C5804750994F}.Release|Any CPU.Build.0 = Release|Any CPU
	EndGlobalSection
	GlobalSection(SolutionProperties) = preSolution
		HideSolutionNode = FALSE
	EndGlobalSection
	GlobalSection(ExtensibilityGlobals) = postSolution
		SolutionGuid = {7D6C149C-6747-48DF-8E9D-267B7FB77C61}
	EndGlobalSection
EndGlobal
